// !$*UTF8*$!
{
	archiveVersion = 1;
	classes = {
	};
	objectVersion = 46;
	objects = {

/* Begin PBXBuildFile section */
		B45116051C5C70D500CA207C /* PostCell.m in Sources */ = {isa = PBXBuildFile; fileRef = B45116041C5C70D500CA207C /* PostCell.m */; };
		B488A26F1C5D6E1400C554B7 /* HTTPCall.m in Sources */ = {isa = PBXBuildFile; fileRef = B488A26E1C5D6E1400C554B7 /* HTTPCall.m */; };
		B488A2721C5D6F8900C554B7 /* TableViewController.m in Sources */ = {isa = PBXBuildFile; fileRef = B488A2711C5D6F8900C554B7 /* TableViewController.m */; };
		B4BDE1611C5BE887008AA001 /* main.m in Sources */ = {isa = PBXBuildFile; fileRef = B4BDE1601C5BE887008AA001 /* main.m */; };
		B4BDE1641C5BE887008AA001 /* AppDelegate.m in Sources */ = {isa = PBXBuildFile; fileRef = B4BDE1631C5BE887008AA001 /* AppDelegate.m */; };
		B4BDE16A1C5BE887008AA001 /* Main.storyboard in Resources */ = {isa = PBXBuildFile; fileRef = B4BDE1681C5BE887008AA001 /* Main.storyboard */; };
		B4BDE16C1C5BE887008AA001 /* Assets.xcassets in Resources */ = {isa = PBXBuildFile; fileRef = B4BDE16B1C5BE887008AA001 /* Assets.xcassets */; };
		B4BDE16F1C5BE887008AA001 /* LaunchScreen.storyboard in Resources */ = {isa = PBXBuildFile; fileRef = B4BDE16D1C5BE887008AA001 /* LaunchScreen.storyboard */; };
		B4BDE17A1C5BE887008AA001 /* PostAggregatorTests.m in Sources */ = {isa = PBXBuildFile; fileRef = B4BDE1791C5BE887008AA001 /* PostAggregatorTests.m */; };
		B4BDE1851C5BE887008AA001 /* PostAggregatorUITests.m in Sources */ = {isa = PBXBuildFile; fileRef = B4BDE1841C5BE887008AA001 /* PostAggregatorUITests.m */; };
/* End PBXBuildFile section */

/* Begin PBXContainerItemProxy section */
		B4BDE1761C5BE887008AA001 /* PBXContainerItemProxy */ = {
			isa = PBXContainerItemProxy;
			containerPortal = B4BDE1541C5BE887008AA001 /* Project object */;
			proxyType = 1;
			remoteGlobalIDString = B4BDE15B1C5BE887008AA001;
			remoteInfo = PostAggregator;
		};
		B4BDE1811C5BE887008AA001 /* PBXContainerItemProxy */ = {
			isa = PBXContainerItemProxy;
			containerPortal = B4BDE1541C5BE887008AA001 /* Project object */;
			proxyType = 1;
			remoteGlobalIDString = B4BDE15B1C5BE887008AA001;
			remoteInfo = PostAggregator;
		};
/* End PBXContainerItemProxy section */

/* Begin PBXFileReference section */
		B45116031C5C70D500CA207C /* PostCell.h */ = {isa = PBXFileReference; fileEncoding = 4; lastKnownFileType = sourcecode.c.h; path = PostCell.h; sourceTree = "<group>"; };
		B45116041C5C70D500CA207C /* PostCell.m */ = {isa = PBXFileReference; fileEncoding = 4; lastKnownFileType = sourcecode.c.objc; path = PostCell.m; sourceTree = "<group>"; };
		B488A26D1C5D6E1400C554B7 /* HTTPCall.h */ = {isa = PBXFileReference; fileEncoding = 4; lastKnownFileType = sourcecode.c.h; path = HTTPCall.h; sourceTree = "<group>"; };
		B488A26E1C5D6E1400C554B7 /* HTTPCall.m */ = {isa = PBXFileReference; fileEncoding = 4; lastKnownFileType = sourcecode.c.objc; path = HTTPCall.m; sourceTree = "<group>"; };
		B488A2701C5D6F8900C554B7 /* TableViewController.h */ = {isa = PBXFileReference; fileEncoding = 4; lastKnownFileType = sourcecode.c.h; path = TableViewController.h; sourceTree = "<group>"; };
		B488A2711C5D6F8900C554B7 /* TableViewController.m */ = {isa = PBXFileReference; fileEncoding = 4; lastKnownFileType = sourcecode.c.objc; path = TableViewController.m; sourceTree = "<group>"; };
		B4BDE15C1C5BE887008AA001 /* PostAggregator.app */ = {isa = PBXFileReference; explicitFileType = wrapper.application; includeInIndex = 0; path = PostAggregator.app; sourceTree = BUILT_PRODUCTS_DIR; };
		B4BDE1601C5BE887008AA001 /* main.m */ = {isa = PBXFileReference; lastKnownFileType = sourcecode.c.objc; path = main.m; sourceTree = "<group>"; };
		B4BDE1621C5BE887008AA001 /* AppDelegate.h */ = {isa = PBXFileReference; lastKnownFileType = sourcecode.c.h; path = AppDelegate.h; sourceTree = "<group>"; };
		B4BDE1631C5BE887008AA001 /* AppDelegate.m */ = {isa = PBXFileReference; lastKnownFileType = sourcecode.c.objc; path = AppDelegate.m; sourceTree = "<group>"; };
		B4BDE1691C5BE887008AA001 /* Base */ = {isa = PBXFileReference; lastKnownFileType = file.storyboard; name = Base; path = Base.lproj/Main.storyboard; sourceTree = "<group>"; };
		B4BDE16B1C5BE887008AA001 /* Assets.xcassets */ = {isa = PBXFileReference; lastKnownFileType = folder.assetcatalog; path = Assets.xcassets; sourceTree = "<group>"; };
		B4BDE16E1C5BE887008AA001 /* Base */ = {isa = PBXFileReference; lastKnownFileType = file.storyboard; name = Base; path = Base.lproj/LaunchScreen.storyboard; sourceTree = "<group>"; };
		B4BDE1701C5BE887008AA001 /* Info.plist */ = {isa = PBXFileReference; lastKnownFileType = text.plist.xml; path = Info.plist; sourceTree = "<group>"; };
		B4BDE1751C5BE887008AA001 /* PostAggregatorTests.xctest */ = {isa = PBXFileReference; explicitFileType = wrapper.cfbundle; includeInIndex = 0; path = PostAggregatorTests.xctest; sourceTree = BUILT_PRODUCTS_DIR; };
		B4BDE1791C5BE887008AA001 /* PostAggregatorTests.m */ = {isa = PBXFileReference; lastKnownFileType = sourcecode.c.objc; path = PostAggregatorTests.m; sourceTree = "<group>"; };
		B4BDE17B1C5BE887008AA001 /* Info.plist */ = {isa = PBXFileReference; lastKnownFileType = text.plist.xml; path = Info.plist; sourceTree = "<group>"; };
		B4BDE1801C5BE887008AA001 /* PostAggregatorUITests.xctest */ = {isa = PBXFileReference; explicitFileType = wrapper.cfbundle; includeInIndex = 0; path = PostAggregatorUITests.xctest; sourceTree = BUILT_PRODUCTS_DIR; };
		B4BDE1841C5BE887008AA001 /* PostAggregatorUITests.m */ = {isa = PBXFileReference; lastKnownFileType = sourcecode.c.objc; path = PostAggregatorUITests.m; sourceTree = "<group>"; };
		B4BDE1861C5BE887008AA001 /* Info.plist */ = {isa = PBXFileReference; lastKnownFileType = text.plist.xml; path = Info.plist; sourceTree = "<group>"; };
/* End PBXFileReference section */

/* Begin PBXFrameworksBuildPhase section */
		B4BDE1591C5BE887008AA001 /* Frameworks */ = {
			isa = PBXFrameworksBuildPhase;
			buildActionMask = 2147483647;
			files = (
			);
			runOnlyForDeploymentPostprocessing = 0;
		};
		B4BDE1721C5BE887008AA001 /* Frameworks */ = {
			isa = PBXFrameworksBuildPhase;
			buildActionMask = 2147483647;
			files = (
			);
			runOnlyForDeploymentPostprocessing = 0;
		};
		B4BDE17D1C5BE887008AA001 /* Frameworks */ = {
			isa = PBXFrameworksBuildPhase;
			buildActionMask = 2147483647;
			files = (
			);
			runOnlyForDeploymentPostprocessing = 0;
		};
/* End PBXFrameworksBuildPhase section */

/* Begin PBXGroup section */
		B4BDE1531C5BE887008AA001 = {
			isa = PBXGroup;
			children = (
				B4BDE15E1C5BE887008AA001 /* PostAggregator */,
				B4BDE1781C5BE887008AA001 /* PostAggregatorTests */,
				B4BDE1831C5BE887008AA001 /* PostAggregatorUITests */,
				B4BDE15D1C5BE887008AA001 /* Products */,
			);
			sourceTree = "<group>";
		};
		B4BDE15D1C5BE887008AA001 /* Products */ = {
			isa = PBXGroup;
			children = (
				B4BDE15C1C5BE887008AA001 /* PostAggregator.app */,
				B4BDE1751C5BE887008AA001 /* PostAggregatorTests.xctest */,
				B4BDE1801C5BE887008AA001 /* PostAggregatorUITests.xctest */,
			);
			name = Products;
			sourceTree = "<group>";
		};
		B4BDE15E1C5BE887008AA001 /* PostAggregator */ = {
			isa = PBXGroup;
			children = (
				B4BDE1681C5BE887008AA001 /* Main.storyboard */,
				B4BDE1621C5BE887008AA001 /* AppDelegate.h */,
				B4BDE1631C5BE887008AA001 /* AppDelegate.m */,
				B488A2701C5D6F8900C554B7 /* TableViewController.h */,
				B488A2711C5D6F8900C554B7 /* TableViewController.m */,
				B45116031C5C70D500CA207C /* PostCell.h */,
				B45116041C5C70D500CA207C /* PostCell.m */,
				B488A26D1C5D6E1400C554B7 /* HTTPCall.h */,
				B488A26E1C5D6E1400C554B7 /* HTTPCall.m */,
				B4BDE16B1C5BE887008AA001 /* Assets.xcassets */,
				B4BDE16D1C5BE887008AA001 /* LaunchScreen.storyboard */,
				B4BDE1701C5BE887008AA001 /* Info.plist */,
				B4BDE15F1C5BE887008AA001 /* Supporting Files */,
			);
			path = PostAggregator;
			sourceTree = "<group>";
		};
		B4BDE15F1C5BE887008AA001 /* Supporting Files */ = {
			isa = PBXGroup;
			children = (
				B4BDE1601C5BE887008AA001 /* main.m */,
			);
			name = "Supporting Files";
			sourceTree = "<group>";
		};
		B4BDE1781C5BE887008AA001 /* PostAggregatorTests */ = {
			isa = PBXGroup;
			children = (
				B4BDE1791C5BE887008AA001 /* PostAggregatorTests.m */,
				B4BDE17B1C5BE887008AA001 /* Info.plist */,
			);
			path = PostAggregatorTests;
			sourceTree = "<group>";
		};
		B4BDE1831C5BE887008AA001 /* PostAggregatorUITests */ = {
			isa = PBXGroup;
			children = (
				B4BDE1841C5BE887008AA001 /* PostAggregatorUITests.m */,
				B4BDE1861C5BE887008AA001 /* Info.plist */,
			);
			path = PostAggregatorUITests;
			sourceTree = "<group>";
		};
/* End PBXGroup section */

/* Begin PBXNativeTarget section */
		B4BDE15B1C5BE887008AA001 /* PostAggregator */ = {
			isa = PBXNativeTarget;
			buildConfigurationList = B4BDE1891C5BE887008AA001 /* Build configuration list for PBXNativeTarget "PostAggregator" */;
			buildPhases = (
				B4BDE1581C5BE887008AA001 /* Sources */,
				B4BDE1591C5BE887008AA001 /* Frameworks */,
				B4BDE15A1C5BE887008AA001 /* Resources */,
			);
			buildRules = (
			);
			dependencies = (
			);
			name = PostAggregator;
			productName = PostAggregator;
			productReference = B4BDE15C1C5BE887008AA001 /* PostAggregator.app */;
			productType = "com.apple.product-type.application";
		};
		B4BDE1741C5BE887008AA001 /* PostAggregatorTests */ = {
			isa = PBXNativeTarget;
			buildConfigurationList = B4BDE18C1C5BE887008AA001 /* Build configuration list for PBXNativeTarget "PostAggregatorTests" */;
			buildPhases = (
				B4BDE1711C5BE887008AA001 /* Sources */,
				B4BDE1721C5BE887008AA001 /* Frameworks */,
				B4BDE1731C5BE887008AA001 /* Resources */,
			);
			buildRules = (
			);
			dependencies = (
				B4BDE1771C5BE887008AA001 /* PBXTargetDependency */,
			);
			name = PostAggregatorTests;
			productName = PostAggregatorTests;
			productReference = B4BDE1751C5BE887008AA001 /* PostAggregatorTests.xctest */;
			productType = "com.apple.product-type.bundle.unit-test";
		};
		B4BDE17F1C5BE887008AA001 /* PostAggregatorUITests */ = {
			isa = PBXNativeTarget;
			buildConfigurationList = B4BDE18F1C5BE887008AA001 /* Build configuration list for PBXNativeTarget "PostAggregatorUITests" */;
			buildPhases = (
				B4BDE17C1C5BE887008AA001 /* Sources */,
				B4BDE17D1C5BE887008AA001 /* Frameworks */,
				B4BDE17E1C5BE887008AA001 /* Resources */,
			);
			buildRules = (
			);
			dependencies = (
				B4BDE1821C5BE887008AA001 /* PBXTargetDependency */,
			);
			name = PostAggregatorUITests;
			productName = PostAggregatorUITests;
			productReference = B4BDE1801C5BE887008AA001 /* PostAggregatorUITests.xctest */;
			productType = "com.apple.product-type.bundle.ui-testing";
		};
/* End PBXNativeTarget section */

/* Begin PBXProject section */
		B4BDE1541C5BE887008AA001 /* Project object */ = {
			isa = PBXProject;
			attributes = {
				LastUpgradeCheck = 0710;
				ORGANIZATIONNAME = "Jeremy Bringetto - Vendor";
				TargetAttributes = {
					B4BDE15B1C5BE887008AA001 = {
						CreatedOnToolsVersion = 7.1.1;
						SystemCapabilities = {
							com.apple.BackgroundModes = {
								enabled = 1;
							};
						};
					};
					B4BDE1741C5BE887008AA001 = {
						CreatedOnToolsVersion = 7.1.1;
						TestTargetID = B4BDE15B1C5BE887008AA001;
					};
					B4BDE17F1C5BE887008AA001 = {
						CreatedOnToolsVersion = 7.1.1;
						TestTargetID = B4BDE15B1C5BE887008AA001;
					};
				};
			};
			buildConfigurationList = B4BDE1571C5BE887008AA001 /* Build configuration list for PBXProject "PostAggregator" */;
			compatibilityVersion = "Xcode 3.2";
			developmentRegion = English;
			hasScannedForEncodings = 0;
			knownRegions = (
				en,
				Base,
			);
			mainGroup = B4BDE1531C5BE887008AA001;
			productRefGroup = B4BDE15D1C5BE887008AA001 /* Products */;
			projectDirPath = "";
			projectRoot = "";
			targets = (
				B4BDE15B1C5BE887008AA001 /* PostAggregator */,
				B4BDE1741C5BE887008AA001 /* PostAggregatorTests */,
				B4BDE17F1C5BE887008AA001 /* PostAggregatorUITests */,
			);
		};
/* End PBXProject section */

/* Begin PBXResourcesBuildPhase section */
		B4BDE15A1C5BE887008AA001 /* Resources */ = {
			isa = PBXResourcesBuildPhase;
			buildActionMask = 2147483647;
			files = (
				B4BDE16F1C5BE887008AA001 /* LaunchScreen.storyboard in Resources */,
				B4BDE16C1C5BE887008AA001 /* Assets.xcassets in Resources */,
				B4BDE16A1C5BE887008AA001 /* Main.storyboard in Resources */,
			);
			runOnlyForDeploymentPostprocessing = 0;
		};
		B4BDE1731C5BE887008AA001 /* Resources */ = {
			isa = PBXResourcesBuildPhase;
			buildActionMask = 2147483647;
			files = (
			);
			runOnlyForDeploymentPostprocessing = 0;
		};
		B4BDE17E1C5BE887008AA001 /* Resources */ = {
			isa = PBXResourcesBuildPhase;
			buildActionMask = 2147483647;
			files = (
			);
			runOnlyForDeploymentPostprocessing = 0;
		};
/* End PBXResourcesBuildPhase section */

/* Begin PBXSourcesBuildPhase section */
		B4BDE1581C5BE887008AA001 /* Sources */ = {
			isa = PBXSourcesBuildPhase;
			buildActionMask = 2147483647;
			files = (
				B4BDE1641C5BE887008AA001 /* AppDelegate.m in Sources */,
				B488A2721C5D6F8900C554B7 /* TableViewController.m in Sources */,
				B488A26F1C5D6E1400C554B7 /* HTTPCall.m in Sources */,
				B4BDE1611C5BE887008AA001 /* main.m in Sources */,
				B45116051C5C70D500CA207C /* PostCell.m in Sources */,
			);
			runOnlyForDeploymentPostprocessing = 0;
		};
		B4BDE1711C5BE887008AA001 /* Sources */ = {
			isa = PBXSourcesBuildPhase;
			buildActionMask = 2147483647;
			files = (
				B4BDE17A1C5BE887008AA001 /* PostAggregatorTests.m in Sources */,
			);
			runOnlyForDeploymentPostprocessing = 0;
		};
		B4BDE17C1C5BE887008AA001 /* Sources */ = {
			isa = PBXSourcesBuildPhase;
			buildActionMask = 2147483647;
			files = (
				B4BDE1851C5BE887008AA001 /* PostAggregatorUITests.m in Sources */,
			);
			runOnlyForDeploymentPostprocessing = 0;
		};
/* End PBXSourcesBuildPhase section */

/* Begin PBXTargetDependency section */
		B4BDE1771C5BE887008AA001 /* PBXTargetDependency */ = {
			isa = PBXTargetDependency;
			target = B4BDE15B1C5BE887008AA001 /* PostAggregator */;
			targetProxy = B4BDE1761C5BE887008AA001 /* PBXContainerItemProxy */;
		};
		B4BDE1821C5BE887008AA001 /* PBXTargetDependency */ = {
			isa = PBXTargetDependency;
			target = B4BDE15B1C5BE887008AA001 /* PostAggregator */;
			targetProxy = B4BDE1811C5BE887008AA001 /* PBXContainerItemProxy */;
		};
/* End PBXTargetDependency section */

/* Begin PBXVariantGroup section */
		B4BDE1681C5BE887008AA001 /* Main.storyboard */ = {
			isa = PBXVariantGroup;
			children = (
				B4BDE1691C5BE887008AA001 /* Base */,
			);
			name = Main.storyboard;
			sourceTree = "<group>";
		};
		B4BDE16D1C5BE887008AA001 /* LaunchScreen.storyboard */ = {
			isa = PBXVariantGroup;
			children = (
				B4BDE16E1C5BE887008AA001 /* Base */,
			);
			name = LaunchScreen.storyboard;
			sourceTree = "<group>";
		};
/* End PBXVariantGroup section */

/* Begin XCBuildConfiguration section */
		B4BDE1871C5BE887008AA001 /* Debug */ = {
			isa = XCBuildConfiguration;
			buildSettings = {
				ALWAYS_SEARCH_USER_PATHS = NO;
				CLANG_CXX_LANGUAGE_STANDARD = "gnu++0x";
				CLANG_CXX_LIBRARY = "libc++";
				CLANG_ENABLE_MODULES = YES;
				CLANG_ENABLE_OBJC_ARC = YES;
				CLANG_WARN_BOOL_CONVERSION = YES;
				CLANG_WARN_CONSTANT_CONVERSION = YES;
				CLANG_WARN_DIRECT_OBJC_ISA_USAGE = YES_ERROR;
				CLANG_WARN_EMPTY_BODY = YES;
				CLANG_WARN_ENUM_CONVERSION = YES;
				CLANG_WARN_INT_CONVERSION = YES;
				CLANG_WARN_OBJC_ROOT_CLASS = YES_ERROR;
				CLANG_WARN_UNREACHABLE_CODE = YES;
				CLANG_WARN__DUPLICATE_METHOD_MATCH = YES;
				"CODE_SIGN_IDENTITY[sdk=iphoneos*]" = "iPhone Developer";
				COPY_PHASE_STRIP = NO;
				DEBUG_INFORMATION_FORMAT = dwarf;
				ENABLE_STRICT_OBJC_MSGSEND = YES;
				ENABLE_TESTABILITY = YES;
				GCC_C_LANGUAGE_STANDARD = gnu99;
				GCC_DYNAMIC_NO_PIC = NO;
				GCC_NO_COMMON_BLOCKS = YES;
				GCC_OPTIMIZATION_LEVEL = 0;
				GCC_PREPROCESSOR_DEFINITIONS = (
					"DEBUG=1",
					"$(inherited)",
				);
				GCC_WARN_64_TO_32_BIT_CONVERSION = YES;
				GCC_WARN_ABOUT_RETURN_TYPE = YES_ERROR;
				GCC_WARN_UNDECLARED_SELECTOR = YES;
				GCC_WARN_UNINITIALIZED_AUTOS = YES_AGGRESSIVE;
				GCC_WARN_UNUSED_FUNCTION = YES;
				GCC_WARN_UNUSED_VARIABLE = YES;
				IPHONEOS_DEPLOYMENT_TARGET = 9.1;
				MTL_ENABLE_DEBUG_INFO = YES;
				ONLY_ACTIVE_ARCH = YES;
				SDKROOT = iphoneos;
			};
			name = Debug;
		};
		B4BDE1881C5BE887008AA001 /* Release */ = {
			isa = XCBuildConfiguration;
			buildSettings = {
				ALWAYS_SEARCH_USER_PATHS = NO;
				CLANG_CXX_LANGUAGE_STANDARD = "gnu++0x";
				CLANG_CXX_LIBRARY = "libc++";
				CLANG_ENABLE_MODULES = YES;
				CLANG_ENABLE_OBJC_ARC = YES;
				CLANG_WARN_BOOL_CONVERSION = YES;
				CLANG_WARN_CONSTANT_CONVERSION = YES;
				CLANG_WARN_DIRECT_OBJC_ISA_USAGE = YES_ERROR;
				CLANG_WARN_EMPTY_BODY = YES;
				CLANG_WARN_ENUM_CONVERSION = YES;
				CLANG_WARN_INT_CONVERSION = YES;
				CLANG_WARN_OBJC_ROOT_CLASS = YES_ERROR;
				CLANG_WARN_UNREACHABLE_CODE = YES;
				CLANG_WARN__DUPLICATE_METHOD_MATCH = YES;
				"CODE_SIGN_IDENTITY[sdk=iphoneos*]" = "iPhone Developer";
				COPY_PHASE_STRIP = NO;
				DEBUG_INFORMATION_FORMAT = "dwarf-with-dsym";
				ENABLE_NS_ASSERTIONS = NO;
				ENABLE_STRICT_OBJC_MSGSEND = YES;
				GCC_C_LANGUAGE_STANDARD = gnu99;
				GCC_NO_COMMON_BLOCKS = YES;
				GCC_WARN_64_TO_32_BIT_CONVERSION = YES;
				GCC_WARN_ABOUT_RETURN_TYPE = YES_ERROR;
				GCC_WARN_UNDECLARED_SELECTOR = YES;
				GCC_WARN_UNINITIALIZED_AUTOS = YES_AGGRESSIVE;
				GCC_WARN_UNUSED_FUNCTION = YES;
				GCC_WARN_UNUSED_VARIABLE = YES;
				IPHONEOS_DEPLOYMENT_TARGET = 9.1;
				MTL_ENABLE_DEBUG_INFO = NO;
				SDKROOT = iphoneos;
				VALIDATE_PRODUCT = YES;
			};
			name = Release;
		};
		B4BDE18A1C5BE887008AA001 /* Debug */ = {
			isa = XCBuildConfiguration;
			buildSettings = {
				ASSETCATALOG_COMPILER_APPICON_NAME = AppIcon;
				INFOPLIST_FILE = PostAggregator/Info.plist;
				LD_RUNPATH_SEARCH_PATHS = "$(inherited) @executable_path/Frameworks";
				PRODUCT_BUNDLE_IDENTIFIER = com.beachmoss.PostAggregator;
				PRODUCT_NAME = "$(TARGET_NAME)";
			};
			name = Debug;
		};
		B4BDE18B1C5BE887008AA001 /* Release */ = {
			isa = XCBuildConfiguration;
			buildSettings = {
				ASSETCATALOG_COMPILER_APPICON_NAME = AppIcon;
				INFOPLIST_FILE = PostAggregator/Info.plist;
				LD_RUNPATH_SEARCH_PATHS = "$(inherited) @executable_path/Frameworks";
				PRODUCT_BUNDLE_IDENTIFIER = com.beachmoss.PostAggregator;
				PRODUCT_NAME = "$(TARGET_NAME)";
			};
			name = Release;
		};
		B4BDE18D1C5BE887008AA001 /* Debug */ = {
			isa = XCBuildConfiguration;
			buildSettings = {
				BUNDLE_LOADER = "$(TEST_HOST)";
				INFOPLIST_FILE = PostAggregatorTests/Info.plist;
				LD_RUNPATH_SEARCH_PATHS = "$(inherited) @executable_path/Frameworks @loader_path/Frameworks";
				PRODUCT_BUNDLE_IDENTIFIER = com.beachmoss.PostAggregatorTests;
				PRODUCT_NAME = "$(TARGET_NAME)";
				TEST_HOST = "$(BUILT_PRODUCTS_DIR)/PostAggregator.app/PostAggregator";
			};
			name = Debug;
		};
		B4BDE18E1C5BE887008AA001 /* Release */ = {
			isa = XCBuildConfiguration;
			buildSettings = {
				BUNDLE_LOADER = "$(TEST_HOST)";
				INFOPLIST_FILE = PostAggregatorTests/Info.plist;
				LD_RUNPATH_SEARCH_PATHS = "$(inherited) @executable_path/Frameworks @loader_path/Frameworks";
				PRODUCT_BUNDLE_IDENTIFIER = com.beachmoss.PostAggregatorTests;
				PRODUCT_NAME = "$(TARGET_NAME)";
				TEST_HOST = "$(BUILT_PRODUCTS_DIR)/PostAggregator.app/PostAggregator";
			};
			name = Release;
		};
		B4BDE1901C5BE887008AA001 /* Debug */ = {
			isa = XCBuildConfiguration;
			buildSettings = {
				INFOPLIST_FILE = PostAggregatorUITests/Info.plist;
				LD_RUNPATH_SEARCH_PATHS = "$(inherited) @executable_path/Frameworks @loader_path/Frameworks";
				PRODUCT_BUNDLE_IDENTIFIER = com.beachmoss.PostAggregatorUITests;
				PRODUCT_NAME = "$(TARGET_NAME)";
				TEST_TARGET_NAME = PostAggregator;
				USES_XCTRUNNER = YES;
			};
			name = Debug;
		};
		B4BDE1911C5BE887008AA001 /* Release */ = {
			isa = XCBuildConfiguration;
			buildSettings = {
				INFOPLIST_FILE = PostAggregatorUITests/Info.plist;
				LD_RUNPATH_SEARCH_PATHS = "$(inherited) @executable_path/Frameworks @loader_path/Frameworks";
				PRODUCT_BUNDLE_IDENTIFIER = com.beachmoss.PostAggregatorUITests;
				PRODUCT_NAME = "$(TARGET_NAME)";
				TEST_TARGET_NAME = PostAggregator;
				USES_XCTRUNNER = YES;
			};
			name = Release;
		};
/* End XCBuildConfiguration section */

/* Begin XCConfigurationList section */
		B4BDE1571C5BE887008AA001 /* Build configuration list for PBXProject "PostAggregator" */ = {
			isa = XCConfigurationList;
			buildConfigurations = (
				B4BDE1871C5BE887008AA001 /* Debug */,
				B4BDE1881C5BE887008AA001 /* Release */,
			);
			defaultConfigurationIsVisible = 0;
			defaultConfigurationName = Release;
		};
		B4BDE1891C5BE887008AA001 /* Build configuration list for PBXNativeTarget "PostAggregator" */ = {
			isa = XCConfigurationList;
			buildConfigurations = (
				B4BDE18A1C5BE887008AA001 /* Debug */,
				B4BDE18B1C5BE887008AA001 /* Release */,
			);
			defaultConfigurationIsVisible = 0;
			defaultConfigurationName = Release;
		};
		B4BDE18C1C5BE887008AA001 /* Build configuration list for PBXNativeTarget "PostAggregatorTests" */ = {
			isa = XCConfigurationList;
			buildConfigurations = (
				B4BDE18D1C5BE887008AA001 /* Debug */,
				B4BDE18E1C5BE887008AA001 /* Release */,
			);
			defaultConfigurationIsVisible = 0;
			defaultConfigurationName = Release;
		};
		B4BDE18F1C5BE887008AA001 /* Build configuration list for PBXNativeTarget "PostAggregatorUITests" */ = {
			isa = XCConfigurationList;
			buildConfigurations = (
				B4BDE1901C5BE887008AA001 /* Debug */,
				B4BDE1911C5BE887008AA001 /* Release */,
			);
			defaultConfigurationIsVisible = 0;
			defaultConfigurationName = Release;
		};
/* End XCConfigurationList section */
	};
	rootObject = B4BDE1541C5BE887008AA001 /* Project object */;
}
